
Microsoft Visual Studio Solution File, Format Version 12.00
# Visual Studio Version 17
VisualStudioVersion = 17.3.32929.385
MinimumVisualStudioVersion = 10.0.40219.1
Project("{9A19103F-16F7-4668-BE54-9A1E7A4F7556}") = "ALXCourse", "ALXCourse.csproj", "{D4BF7AAF-F734-4943-BD0C-EE8E9579132A}"
EndProject
Project("{9A19103F-16F7-4668-BE54-9A1E7A4F7556}") = "ALXCalculator", "..\ALXCalculator\ALXCalculator.csproj", "{C58B79EF-F932-4EBB-BF4B-C82B5D0F899F}"
EndProject
Project("{9A19103F-16F7-4668-BE54-9A1E7A4F7556}") = "ALXCourseHomework", "..\ALXCourseHomework\ALXCourseHomework.csproj", "{5AEDB005-180E-4D17-9877-10D7B8FD3F82}"
EndProject
Project("{9A19103F-16F7-4668-BE54-9A1E7A4F7556}") = "ShopApp", "..\Shop app\ShopApp.csproj", "{41146404-CA83-435B-AE8C-A52C168CAFFE}"
EndProject
Project("{2150E333-8FDC-42A3-9474-1A3956D46DE8}") = "FormApps", "FormApps", "{25CB0121-D203-4B28-9A4B-F8C092D7A3A1}"
EndProject
Project("{9A19103F-16F7-4668-BE54-9A1E7A4F7556}") = "CourseFormApp", "..\CourseFormApp\CourseFormApp.csproj", "{216A4D95-9416-4256-B67F-D72E563E1856}"
EndProject
Project("{2150E333-8FDC-42A3-9474-1A3956D46DE8}") = "HomeWork", "HomeWork", "{A36D8908-12C9-43BD-A137-401B1D937BE4}"
EndProject
Project("{9A19103F-16F7-4668-BE54-9A1E7A4F7556}") = "MovingButton", "..\MovingButton\MovingButton.csproj", "{B31677CD-8D48-4BFC-AE8C-A2CBEC46E9B0}"
EndProject
Project("{9A19103F-16F7-4668-BE54-9A1E7A4F7556}") = "FormCalculatorStrings", "..\FormCalculator\FormCalculatorStrings.csproj", "{46269CDC-2035-405D-9898-BB70536C6262}"
EndProject
Project("{2150E333-8FDC-42A3-9474-1A3956D46DE8}") = "Console Apps", "Console Apps", "{50E28B2E-2DC1-48C2-895D-323A25759F08}"
EndProject
Project("{9A19103F-16F7-4668-BE54-9A1E7A4F7556}") = "FormCalculatorVariables", "..\FormCalculatorVariables\FormCalculatorVariables.csproj", "{8DBCC2A4-88AD-4034-8B20-3CB444ECE035}"
EndProject
Project("{2150E333-8FDC-42A3-9474-1A3956D46DE8}") = "Console", "Console", "{A065945C-C1A2-4C20-8956-5FB106AD7418}"
EndProject
Project("{2150E333-8FDC-42A3-9474-1A3956D46DE8}") = "FormApps", "FormApps", "{BE6140AF-7650-4B45-820A-CA080CCCCC89}"
EndProject
Global
	GlobalSection(SolutionConfigurationPlatforms) = preSolution
		Debug|Any CPU = Debug|Any CPU
		Release|Any CPU = Release|Any CPU
	EndGlobalSection
	GlobalSection(ProjectConfigurationPlatforms) = postSolution
		{D4BF7AAF-F734-4943-BD0C-EE8E9579132A}.Debug|Any CPU.ActiveCfg = Debug|Any CPU
		{D4BF7AAF-F734-4943-BD0C-EE8E9579132A}.Debug|Any CPU.Build.0 = Debug|Any CPU
		{D4BF7AAF-F734-4943-BD0C-EE8E9579132A}.Release|Any CPU.ActiveCfg = Release|Any CPU
		{D4BF7AAF-F734-4943-BD0C-EE8E9579132A}.Release|Any CPU.Build.0 = Release|Any CPU
		{C58B79EF-F932-4EBB-BF4B-C82B5D0F899F}.Debug|Any CPU.ActiveCfg = Debug|Any CPU
		{C58B79EF-F932-4EBB-BF4B-C82B5D0F899F}.Debug|Any CPU.Build.0 = Debug|Any CPU
		{C58B79EF-F932-4EBB-BF4B-C82B5D0F899F}.Release|Any CPU.ActiveCfg = Release|Any CPU
		{C58B79EF-F932-4EBB-BF4B-C82B5D0F899F}.Release|Any CPU.Build.0 = Release|Any CPU
		{5AEDB005-180E-4D17-9877-10D7B8FD3F82}.Debug|Any CPU.ActiveCfg = Debug|Any CPU
		{5AEDB005-180E-4D17-9877-10D7B8FD3F82}.Debug|Any CPU.Build.0 = Debug|Any CPU
		{5AEDB005-180E-4D17-9877-10D7B8FD3F82}.Release|Any CPU.ActiveCfg = Release|Any CPU
		{5AEDB005-180E-4D17-9877-10D7B8FD3F82}.Release|Any CPU.Build.0 = Release|Any CPU
		{41146404-CA83-435B-AE8C-A52C168CAFFE}.Debug|Any CPU.ActiveCfg = Debug|Any CPU
		{41146404-CA83-435B-AE8C-A52C168CAFFE}.Debug|Any CPU.Build.0 = Debug|Any CPU
		{41146404-CA83-435B-AE8C-A52C168CAFFE}.Release|Any CPU.ActiveCfg = Release|Any CPU
		{41146404-CA83-435B-AE8C-A52C168CAFFE}.Release|Any CPU.Build.0 = Release|Any CPU
		{216A4D95-9416-4256-B67F-D72E563E1856}.Debug|Any CPU.ActiveCfg = Debug|Any CPU
		{216A4D95-9416-4256-B67F-D72E563E1856}.Debug|Any CPU.Build.0 = Debug|Any CPU
		{216A4D95-9416-4256-B67F-D72E563E1856}.Release|Any CPU.ActiveCfg = Release|Any CPU
		{216A4D95-9416-4256-B67F-D72E563E1856}.Release|Any CPU.Build.0 = Release|Any CPU
		{B31677CD-8D48-4BFC-AE8C-A2CBEC46E9B0}.Debug|Any CPU.ActiveCfg = Debug|Any CPU
		{B31677CD-8D48-4BFC-AE8C-A2CBEC46E9B0}.Debug|Any CPU.Build.0 = Debug|Any CPU
		{B31677CD-8D48-4BFC-AE8C-A2CBEC46E9B0}.Release|Any CPU.ActiveCfg = Release|Any CPU
		{B31677CD-8D48-4BFC-AE8C-A2CBEC46E9B0}.Release|Any CPU.Build.0 = Release|Any CPU
		{46269CDC-2035-405D-9898-BB70536C6262}.Debug|Any CPU.ActiveCfg = Debug|Any CPU
		{46269CDC-2035-405D-9898-BB70536C6262}.Debug|Any CPU.Build.0 = Debug|Any CPU
		{46269CDC-2035-405D-9898-BB70536C6262}.Release|Any CPU.ActiveCfg = Release|Any CPU
		{46269CDC-2035-405D-9898-BB70536C6262}.Release|Any CPU.Build.0 = Release|Any CPU
		{8DBCC2A4-88AD-4034-8B20-3CB444ECE035}.Debug|Any CPU.ActiveCfg = Debug|Any CPU
		{8DBCC2A4-88AD-4034-8B20-3CB444ECE035}.Debug|Any CPU.Build.0 = Debug|Any CPU
		{8DBCC2A4-88AD-4034-8B20-3CB444ECE035}.Release|Any CPU.ActiveCfg = Release|Any CPU
		{8DBCC2A4-88AD-4034-8B20-3CB444ECE035}.Release|Any CPU.Build.0 = Release|Any CPU
	EndGlobalSection
	GlobalSection(SolutionProperties) = preSolution
		HideSolutionNode = FALSE
	EndGlobalSection
	GlobalSection(NestedProjects) = preSolution
		{D4BF7AAF-F734-4943-BD0C-EE8E9579132A} = {50E28B2E-2DC1-48C2-895D-323A25759F08}
		{C58B79EF-F932-4EBB-BF4B-C82B5D0F899F} = {50E28B2E-2DC1-48C2-895D-323A25759F08}
		{5AEDB005-180E-4D17-9877-10D7B8FD3F82} = {A065945C-C1A2-4C20-8956-5FB106AD7418}
		{41146404-CA83-435B-AE8C-A52C168CAFFE} = {50E28B2E-2DC1-48C2-895D-323A25759F08}
		{216A4D95-9416-4256-B67F-D72E563E1856} = {25CB0121-D203-4B28-9A4B-F8C092D7A3A1}
		{B31677CD-8D48-4BFC-AE8C-A2CBEC46E9B0} = {25CB0121-D203-4B28-9A4B-F8C092D7A3A1}
		{46269CDC-2035-405D-9898-BB70536C6262} = {25CB0121-D203-4B28-9A4B-F8C092D7A3A1}
		{8DBCC2A4-88AD-4034-8B20-3CB444ECE035} = {25CB0121-D203-4B28-9A4B-F8C092D7A3A1}
		{A065945C-C1A2-4C20-8956-5FB106AD7418} = {A36D8908-12C9-43BD-A137-401B1D937BE4}
		{BE6140AF-7650-4B45-820A-CA080CCCCC89} = {A36D8908-12C9-43BD-A137-401B1D937BE4}
	EndGlobalSection
	GlobalSection(ExtensibilityGlobals) = postSolution
		SolutionGuid = {274871E1-3970-4BE9-A493-6C085D36919C}
	EndGlobalSection
EndGlobal
